// !$*UTF8*$!
{
	archiveVersion = 1;
	classes = {
	};
	objectVersion = 46;
	objects = {
		15EDB48CBA5BE8C944FC784C = {
			isa = PBXBuildFile;
			fileRef = 3D4D00DE3C5DF975C9350303;
		};
		B5D79883C87016FDFF202A0D = {
			isa = PBXBuildFile;
			fileRef = C32B8C60D5AE552CDD023838;
		};
		177DB8831473A168BD6607F9 = {
			isa = PBXBuildFile;
			fileRef = 27E1CE3302C8A60E399CC11B;
		};
		520922226095360239D578D5 = {
			isa = PBXBuildFile;
			fileRef = FCA67820EB3F4EBA79CF09C9;
		};
		5EB271B66F2B2D6FDE71AC89 = {
			isa = PBXBuildFile;
			fileRef = 0DC4C9136FEA245A455F0F7D;
		};
		EDDC043808609B170C4AFAB6 = {
			isa = PBXBuildFile;
			fileRef = E55A32D6FC13B5203FB36D49;
		};
		08F2A748A726EEFC9AFF6E2B = {
			isa = PBXBuildFile;
			fileRef = 1B0813CB555A74B45FAC2A63;
		};
		CB4DF445BF6D84B832CEC9FF = {
			isa = PBXBuildFile;
			fileRef = 3B69756AEE73ED791A95F534;
		};
		0FA17AC307AA65DA72059277 = {
			isa = PBXBuildFile;
			fileRef = DA7D9A8F2028E4FFB59C66AB;
		};
		8B5ECE0F95D48D297499D60E = {
			isa = PBXBuildFile;
			fileRef = E14B8E892CCEF9A6BFC6796E;
		};
		968CB6DB59E23C1D27BD4246 = {
			isa = PBXBuildFile;
			fileRef = D7BF13FEF245FF4DE2F0F123;
		};
		84CE6E1AB86192EBA423D865 = {
			isa = PBXBuildFile;
			fileRef = ECADE45964B0BAF56C4DD11B;
		};
		FDA8FC3A539F89AEE57F2E1F = {
			isa = PBXBuildFile;
			fileRef = 81F4F66022D1FD93F6E16654;
		};
		4895ABEA7811CBD30D4D4DAD = {
			isa = PBXBuildFile;
			fileRef = B47255FD12DE3CD4079A6374;
		};
		6267F33D210915B10B191C2D = {
			isa = PBXBuildFile;
			fileRef = B50F4FDA4BAF74EF52BA2088;
		};
		31A6ED41E19AF17F79DE95F7 = {
			isa = PBXBuildFile;
			fileRef = AFB34F76067103AF5AA57A36;
		};
		FA108337B135A4D8621A7215 = {
			isa = PBXBuildFile;
			fileRef = CFB65E2C2D5ABE145D6CA1A1;
		};
		04AE8B086EAB868325A290DF = {
			isa = PBXBuildFile;
			fileRef = 23B9B78759ED4EF30E76C7EF;
		};
		F7811F5F73510D5CFD46C4F9 = {
			isa = PBXBuildFile;
			fileRef = DEFB348163F4AB02C034431B;
		};
		4C25593805444841EB4BE0EE = {
			isa = PBXBuildFile;
			fileRef = D8C0A45180DB7664BC083EDC;
		};
		BAB7EFF59BFDD0AFE6770B21 = {
			isa = PBXBuildFile;
			fileRef = D29F8C67FF549D4505792E19;
		};
		C92C817A93C41145084A7A74 = {
			isa = PBXBuildFile;
			fileRef = 64D7CE5A10FE003ABE05534F;
		};
		4E792FD261FB321DFEEE369F = {
			isa = PBXBuildFile;
			fileRef = BA1825AD3B09ED640BA21293;
		};
		547988E8733A569D375C2843 = {
			isa = PBXBuildFile;
			fileRef = D46488DA20541A9D165506E3;
		};
		C42B319E4AEA3487CED2EEF5 = {
			isa = PBXBuildFile;
			fileRef = 031DF2F1587C5A55C210D1E3;
		};
		26551AF84B470E8F8EA6F454 = {
			isa = PBXBuildFile;
			fileRef = E132917EAAAE6682B2F798BB;
		};
		031DF2F1587C5A55C210D1E3 = {
			isa = PBXFileReference;
			lastKnownFileType = sourcecode.cpp.objcpp;
			name = "include_juce_gui_extra.mm";
			path = "../../JuceLibraryCode/include_juce_gui_extra.mm";
			sourceTree = "SOURCE_ROOT";
		};
		06DE62A7393E08652846512F = {
			isa = PBXFileReference;
			lastKnownFileType = file;
			name = "juce_events";
			path = "/Users/nberr/Applications/JUCE/modules/juce_events";
			sourceTree = "<absolute>";
		};
		0CBCED39C57545FC6BFD5918 = {
			isa = PBXFileReference;
			lastKnownFileType = sourcecode.c.h;
			name = AppConfig.h;
			path = ../../JuceLibraryCode/AppConfig.h;
			sourceTree = "SOURCE_ROOT";
		};
		0DC4C9136FEA245A455F0F7D = {
			isa = PBXFileReference;
			lastKnownFileType = wrapper.framework;
			name = Cocoa.framework;
			path = System/Library/Frameworks/Cocoa.framework;
			sourceTree = SDKROOT;
		};
		1ABBF9B575A9E256FEB7CAA7 = {
			isa = PBXFileReference;
			lastKnownFileType = file;
			name = "juce_core";
			path = "/Users/nberr/Applications/JUCE/modules/juce_core";
			sourceTree = "<absolute>";
		};
		1B0813CB555A74B45FAC2A63 = {
			isa = PBXFileReference;
			lastKnownFileType = wrapper.framework;
			name = CoreMIDI.framework;
			path = System/Library/Frameworks/CoreMIDI.framework;
			sourceTree = SDKROOT;
		};
		1F7778100547931A89DD00C3 = {
			isa = PBXFileReference;
			lastKnownFileType = file;
			name = "juce_gui_basics";
			path = "/Users/nberr/Applications/JUCE/modules/juce_gui_basics";
			sourceTree = "<absolute>";
		};
		236962ECD53E5AF9B6BFCD70 = {
			isa = PBXFileReference;
			lastKnownFileType = file;
			name = "juce_audio_devices";
			path = "/Users/nberr/Applications/JUCE/modules/juce_audio_devices";
			sourceTree = "<absolute>";
		};
		23B9B78759ED4EF30E76C7EF = {
			isa = PBXFileReference;
			lastKnownFileType = sourcecode.cpp.objcpp;
			name = "include_juce_audio_processors.mm";
			path = "../../JuceLibraryCode/include_juce_audio_processors.mm";
			sourceTree = "SOURCE_ROOT";
		};
		27E1CE3302C8A60E399CC11B = {
			isa = PBXFileReference;
			lastKnownFileType = wrapper.framework;
			name = AudioToolbox.framework;
			path = System/Library/Frameworks/AudioToolbox.framework;
			sourceTree = SDKROOT;
		};
		39297CBBBD5EDBDAC4C6E07F = {
			isa = PBXFileReference;
			lastKnownFileType = file;
			name = "juce_data_structures";
			path = "/Users/nberr/Applications/JUCE/modules/juce_data_structures";
			sourceTree = "<absolute>";
		};
		3B69756AEE73ED791A95F534 = {
			isa = PBXFileReference;
			lastKnownFileType = wrapper.framework;
			name = IOKit.framework;
			path = System/Library/Frameworks/IOKit.framework;
			sourceTree = SDKROOT;
		};
		3D4D00DE3C5DF975C9350303 = {
			isa = PBXFileReference;
			explicitFileType = wrapper.application;
			includeInIndex = 0;
			path = jackel.app;
			sourceTree = "BUILT_PRODUCTS_DIR";
		};
		52E6A3C193ACF70777ACD139 = {
			isa = PBXFileReference;
			lastKnownFileType = file;
			name = "juce_gui_extra";
			path = "/Users/nberr/Applications/JUCE/modules/juce_gui_extra";
			sourceTree = "<absolute>";
		};
		535E558AB32418A180CFB271 = {
			isa = PBXFileReference;
			lastKnownFileType = text.plist.xml;
			name = "Info-App.plist";
			path = "Info-App.plist";
			sourceTree = "SOURCE_ROOT";
		};
		609EA0C04BDA863FD21DAFD0 = {
			isa = PBXFileReference;
			lastKnownFileType = sourcecode.c.h;
			name = JuceHeader.h;
			path = ../../JuceLibraryCode/JuceHeader.h;
			sourceTree = "SOURCE_ROOT";
		};
		64D7CE5A10FE003ABE05534F = {
			isa = PBXFileReference;
			lastKnownFileType = sourcecode.cpp.objcpp;
			name = "include_juce_events.mm";
			path = "../../JuceLibraryCode/include_juce_events.mm";
			sourceTree = "SOURCE_ROOT";
		};
		67292EF69E656B81C40E1164 = {
			isa = PBXFileReference;
			lastKnownFileType = file;
			name = "juce_cryptography";
			path = "/Users/nberr/Applications/JUCE/modules/juce_cryptography";
			sourceTree = "<absolute>";
		};
		81F4F66022D1FD93F6E16654 = {
			isa = PBXFileReference;
			lastKnownFileType = sourcecode.cpp.cpp;
			name = MainComponent.cpp;
			path = ../../Source/MainComponent.cpp;
			sourceTree = "SOURCE_ROOT";
		};
		85D5230D2BE7A13C0E90F382 = {
			isa = PBXFileReference;
			lastKnownFileType = sourcecode.c.h;
			name = MainComponent.h;
			path = ../../Source/MainComponent.h;
			sourceTree = "SOURCE_ROOT";
		};
		9258D7126676EE82934D23EF = {
			isa = PBXFileReference;
			lastKnownFileType = file;
			name = "juce_opengl";
			path = "/Users/nberr/Applications/JUCE/modules/juce_opengl";
			sourceTree = "<absolute>";
		};
		AFB34F76067103AF5AA57A36 = {
			isa = PBXFileReference;
			lastKnownFileType = sourcecode.cpp.objcpp;
			name = "include_juce_audio_devices.mm";
			path = "../../JuceLibraryCode/include_juce_audio_devices.mm";
			sourceTree = "SOURCE_ROOT";
		};
		B47255FD12DE3CD4079A6374 = {
			isa = PBXFileReference;
			lastKnownFileType = sourcecode.cpp.cpp;
			name = Main.cpp;
			path = ../../Source/Main.cpp;
			sourceTree = "SOURCE_ROOT";
		};
		B50F4FDA4BAF74EF52BA2088 = {
			isa = PBXFileReference;
			lastKnownFileType = sourcecode.cpp.objcpp;
			name = "include_juce_audio_basics.mm";
			path = "../../JuceLibraryCode/include_juce_audio_basics.mm";
			sourceTree = "SOURCE_ROOT";
		};
		BA1825AD3B09ED640BA21293 = {
			isa = PBXFileReference;
			lastKnownFileType = sourcecode.cpp.objcpp;
			name = "include_juce_graphics.mm";
			path = "../../JuceLibraryCode/include_juce_graphics.mm";
			sourceTree = "SOURCE_ROOT";
		};
		C32B8C60D5AE552CDD023838 = {
			isa = PBXFileReference;
			lastKnownFileType = wrapper.framework;
			name = Accelerate.framework;
			path = System/Library/Frameworks/Accelerate.framework;
			sourceTree = SDKROOT;
		};
		CFB65E2C2D5ABE145D6CA1A1 = {
			isa = PBXFileReference;
			lastKnownFileType = sourcecode.cpp.objcpp;
			name = "include_juce_audio_formats.mm";
			path = "../../JuceLibraryCode/include_juce_audio_formats.mm";
			sourceTree = "SOURCE_ROOT";
		};
		D29F8C67FF549D4505792E19 = {
			isa = PBXFileReference;
			lastKnownFileType = sourcecode.cpp.objcpp;
			name = "include_juce_data_structures.mm";
			path = "../../JuceLibraryCode/include_juce_data_structures.mm";
			sourceTree = "SOURCE_ROOT";
		};
		D46488DA20541A9D165506E3 = {
			isa = PBXFileReference;
			lastKnownFileType = sourcecode.cpp.objcpp;
			name = "include_juce_gui_basics.mm";
			path = "../../JuceLibraryCode/include_juce_gui_basics.mm";
			sourceTree = "SOURCE_ROOT";
		};
		D7BF13FEF245FF4DE2F0F123 = {
			isa = PBXFileReference;
			lastKnownFileType = wrapper.framework;
			name = WebKit.framework;
			path = System/Library/Frameworks/WebKit.framework;
			sourceTree = SDKROOT;
		};
		D8C0A45180DB7664BC083EDC = {
			isa = PBXFileReference;
			lastKnownFileType = sourcecode.cpp.objcpp;
			name = "include_juce_cryptography.mm";
			path = "../../JuceLibraryCode/include_juce_cryptography.mm";
			sourceTree = "SOURCE_ROOT";
		};
		DA7D9A8F2028E4FFB59C66AB = {
			isa = PBXFileReference;
			lastKnownFileType = wrapper.framework;
			name = OpenGL.framework;
			path = System/Library/Frameworks/OpenGL.framework;
			sourceTree = SDKROOT;
		};
		DEFB348163F4AB02C034431B = {
			isa = PBXFileReference;
			lastKnownFileType = sourcecode.cpp.objcpp;
			name = "include_juce_core.mm";
			path = "../../JuceLibraryCode/include_juce_core.mm";
			sourceTree = "SOURCE_ROOT";
		};
		E07EBA2AE4F8C08C26C34320 = {
			isa = PBXFileReference;
			lastKnownFileType = file;
			name = "juce_audio_processors";
			path = "/Users/nberr/Applications/JUCE/modules/juce_audio_processors";
			sourceTree = "<absolute>";
		};
		E0B96FD22DF8F222FA5D0206 = {
			isa = PBXFileReference;
			lastKnownFileType = file;
			name = "juce_audio_formats";
			path = "/Users/nberr/Applications/JUCE/modules/juce_audio_formats";
			sourceTree = "<absolute>";
		};
		E132917EAAAE6682B2F798BB = {
			isa = PBXFileReference;
			lastKnownFileType = sourcecode.cpp.objcpp;
			name = "include_juce_opengl.mm";
			path = "../../JuceLibraryCode/include_juce_opengl.mm";
			sourceTree = "SOURCE_ROOT";
		};
		E14B8E892CCEF9A6BFC6796E = {
			isa = PBXFileReference;
			lastKnownFileType = wrapper.framework;
			name = QuartzCore.framework;
			path = System/Library/Frameworks/QuartzCore.framework;
			sourceTree = SDKROOT;
		};
		E55A32D6FC13B5203FB36D49 = {
			isa = PBXFileReference;
			lastKnownFileType = wrapper.framework;
			name = CoreAudio.framework;
			path = System/Library/Frameworks/CoreAudio.framework;
			sourceTree = SDKROOT;
		};
		EADB149CCC0C9444CE7854EA = {
			isa = PBXFileReference;
			lastKnownFileType = file;
			name = "juce_graphics";
			path = "/Users/nberr/Applications/JUCE/modules/juce_graphics";
			sourceTree = "<absolute>";
		};
		ECADE45964B0BAF56C4DD11B = {
			isa = PBXFileReference;
			lastKnownFileType = file.nib;
			name = RecentFilesMenuTemplate.nib;
			path = RecentFilesMenuTemplate.nib;
			sourceTree = "SOURCE_ROOT";
		};
		F4E30EC26CB720EA46D8A989 = {
			isa = PBXFileReference;
			lastKnownFileType = file;
			name = "juce_audio_basics";
			path = "/Users/nberr/Applications/JUCE/modules/juce_audio_basics";
			sourceTree = "<absolute>";
		};
		FCA67820EB3F4EBA79CF09C9 = {
			isa = PBXFileReference;
			lastKnownFileType = wrapper.framework;
			name = Carbon.framework;
			path = System/Library/Frameworks/Carbon.framework;
			sourceTree = SDKROOT;
		};
		FA4F50F027060F61AD732194 = {
			isa = PBXGroup;
			children = (
				85D5230D2BE7A13C0E90F382,
				81F4F66022D1FD93F6E16654,
				B47255FD12DE3CD4079A6374,
			);
			name = Source;
			sourceTree = "<group>";
		};
		1A1268148AB9BDF345D93028 = {
			isa = PBXGroup;
			children = (
				FA4F50F027060F61AD732194,
			);
			name = jackel;
			sourceTree = "<group>";
		};
		00C524B3EA38D007E03E72F5 = {
			isa = PBXGroup;
			children = (
				F4E30EC26CB720EA46D8A989,
				236962ECD53E5AF9B6BFCD70,
				E0B96FD22DF8F222FA5D0206,
				E07EBA2AE4F8C08C26C34320,
				1ABBF9B575A9E256FEB7CAA7,
				67292EF69E656B81C40E1164,
				39297CBBBD5EDBDAC4C6E07F,
				06DE62A7393E08652846512F,
				EADB149CCC0C9444CE7854EA,
				1F7778100547931A89DD00C3,
				52E6A3C193ACF70777ACD139,
				9258D7126676EE82934D23EF,
			);
			name = "JUCE Modules";
			sourceTree = "<group>";
		};
		E1B66A844FABF43F1BD1C560 = {
			isa = PBXGroup;
			children = (
				0CBCED39C57545FC6BFD5918,
				B50F4FDA4BAF74EF52BA2088,
				AFB34F76067103AF5AA57A36,
				CFB65E2C2D5ABE145D6CA1A1,
				23B9B78759ED4EF30E76C7EF,
				DEFB348163F4AB02C034431B,
				D8C0A45180DB7664BC083EDC,
				D29F8C67FF549D4505792E19,
				64D7CE5A10FE003ABE05534F,
				BA1825AD3B09ED640BA21293,
				D46488DA20541A9D165506E3,
				031DF2F1587C5A55C210D1E3,
				E132917EAAAE6682B2F798BB,
				609EA0C04BDA863FD21DAFD0,
			);
			name = "JUCE Library Code";
			sourceTree = "<group>";
		};
		7D45125D32348BDB2E12C1DB = {
			isa = PBXGroup;
			children = (
				535E558AB32418A180CFB271,
				ECADE45964B0BAF56C4DD11B,
			);
			name = Resources;
			sourceTree = "<group>";
		};
		7B635D2EE06308CD1E5D79A2 = {
			isa = PBXGroup;
			children = (
				C32B8C60D5AE552CDD023838,
				27E1CE3302C8A60E399CC11B,
				FCA67820EB3F4EBA79CF09C9,
				0DC4C9136FEA245A455F0F7D,
				E55A32D6FC13B5203FB36D49,
				1B0813CB555A74B45FAC2A63,
				3B69756AEE73ED791A95F534,
				DA7D9A8F2028E4FFB59C66AB,
				E14B8E892CCEF9A6BFC6796E,
				D7BF13FEF245FF4DE2F0F123,
			);
			name = Frameworks;
			sourceTree = "<group>";
		};
		19ACC81444BD3BD8475B7FE3 = {
			isa = PBXGroup;
			children = (
				3D4D00DE3C5DF975C9350303,
			);
			name = Products;
			sourceTree = "<group>";
		};
		54B404088DB65F41CF2B07E5 = {
			isa = PBXGroup;
			children = (
				1A1268148AB9BDF345D93028,
				00C524B3EA38D007E03E72F5,
				E1B66A844FABF43F1BD1C560,
				7D45125D32348BDB2E12C1DB,
				7B635D2EE06308CD1E5D79A2,
				19ACC81444BD3BD8475B7FE3,
			);
			name = Source;
			sourceTree = "<group>";
		};
		09D437DD13F8895FD1337C61 = {
			isa = XCBuildConfiguration;
			buildSettings = {
				CLANG_CXX_LANGUAGE_STANDARD = "c++14";
				CLANG_CXX_LIBRARY = "libc++";
				CLANG_LINK_OBJC_RUNTIME = NO;
				COMBINE_HIDPI_IMAGES = YES;
				CONFIGURATION_BUILD_DIR = "$(PROJECT_DIR)/build/$(CONFIGURATION)";
				COPY_PHASE_STRIP = NO;
				GCC_DYNAMIC_NO_PIC = NO;
				GCC_OPTIMIZATION_LEVEL = 0;
				GCC_PREPROCESSOR_DEFINITIONS = (
					"_DEBUG=1",
					"DEBUG=1",
					"JUCER_XCODE_MAC_F6D2F4CF=1",
					"JUCE_APP_VERSION=1.0.0",
					"JUCE_APP_VERSION_HEX=0x10000",
					"JucePlugin_Build_VST=0",
					"JucePlugin_Build_VST3=0",
					"JucePlugin_Build_AU=0",
					"JucePlugin_Build_AUv3=0",
					"JucePlugin_Build_RTAS=0",
					"JucePlugin_Build_AAX=0",
					"JucePlugin_Build_Standalone=0",
					"JucePlugin_Build_Unity=0",
				);
				GCC_VERSION = com.apple.compilers.llvm.clang.1_0;
				HEADER_SEARCH_PATHS = (
					"../../JuceLibraryCode",
					"/Users/nberr/Applications/JUCE/modules",
					"$(inherited)",
				);
				INFOPLIST_FILE = Info-App.plist;
				INFOPLIST_PREPROCESS = NO;
				INSTALL_PATH = "$(HOME)/Applications";
				MACOSX_DEPLOYMENT_TARGET = 10.11;
				PRODUCT_BUNDLE_IDENTIFIER = com.yourcompany.jackel;
				PRODUCT_NAME = "jackel";
				USE_HEADERMAP = NO;
			};
			name = Debug;
		};
		20E442EAA97D7446BA97B8D4 = {
			isa = XCBuildConfiguration;
			buildSettings = {
				CLANG_CXX_LANGUAGE_STANDARD = "c++14";
				CLANG_CXX_LIBRARY = "libc++";
				CLANG_LINK_OBJC_RUNTIME = NO;
				COMBINE_HIDPI_IMAGES = YES;
				CONFIGURATION_BUILD_DIR = "$(PROJECT_DIR)/build/$(CONFIGURATION)";
				DEAD_CODE_STRIPPING = YES;
				GCC_GENERATE_DEBUGGING_SYMBOLS = NO;
				GCC_OPTIMIZATION_LEVEL = 3;
				GCC_PREPROCESSOR_DEFINITIONS = (
					"_NDEBUG=1",
					"NDEBUG=1",
					"JUCER_XCODE_MAC_F6D2F4CF=1",
					"JUCE_APP_VERSION=1.0.0",
					"JUCE_APP_VERSION_HEX=0x10000",
					"JucePlugin_Build_VST=0",
					"JucePlugin_Build_VST3=0",
					"JucePlugin_Build_AU=0",
					"JucePlugin_Build_AUv3=0",
					"JucePlugin_Build_RTAS=0",
					"JucePlugin_Build_AAX=0",
					"JucePlugin_Build_Standalone=0",
					"JucePlugin_Build_Unity=0",
				);
				GCC_SYMBOLS_PRIVATE_EXTERN = YES;
				GCC_VERSION = com.apple.compilers.llvm.clang.1_0;
				HEADER_SEARCH_PATHS = (
					"../../JuceLibraryCode",
					"/Users/nberr/Applications/JUCE/modules",
					"$(inherited)",
				);
				INFOPLIST_FILE = Info-App.plist;
				INFOPLIST_PREPROCESS = NO;
				INSTALL_PATH = "$(HOME)/Applications";
				LLVM_LTO = YES;
				MACOSX_DEPLOYMENT_TARGET = 10.11;
				PRODUCT_BUNDLE_IDENTIFIER = com.yourcompany.jackel;
				PRODUCT_NAME = "jackel";
				USE_HEADERMAP = NO;
			};
			name = Release;
		};
		6551387ED7E256566B89196C = {
			isa = XCBuildConfiguration;
			buildSettings = {
				ALWAYS_SEARCH_USER_PATHS = NO;
				CLANG_ENABLE_OBJC_WEAK = YES;
				CLANG_WARN_BLOCK_CAPTURE_AUTORELEASING = YES;
				CLANG_WARN_BOOL_CONVERSION = YES;
				CLANG_WARN_COMMA = YES;
				CLANG_WARN_CONSTANT_CONVERSION = YES;
				CLANG_WARN_DEPRECATED_OBJC_IMPLEMENTATIONS = YES;
				CLANG_WARN_EMPTY_BODY = YES;
				CLANG_WARN_ENUM_CONVERSION = YES;
				CLANG_WARN_INFINITE_RECURSION = YES;
				CLANG_WARN_INT_CONVERSION = YES;
				CLANG_WARN_NON_LITERAL_NULL_CONVERSION = YES;
				CLANG_WARN_OBJC_IMPLICIT_RETAIN_SELF = YES;
				CLANG_WARN_OBJC_LITERAL_CONVERSION = YES;
				CLANG_WARN_RANGE_LOOP_ANALYSIS = YES;
				CLANG_WARN_STRICT_PROTOTYPES = YES;
				CLANG_WARN_SUSPICIOUS_MOVE = YES;
				CLANG_WARN_UNREACHABLE_CODE = YES;
				CLANG_WARN__DUPLICATE_METHOD_MATCH = YES;
				DEBUG_INFORMATION_FORMAT = dwarf;
				ENABLE_STRICT_OBJC_MSGSEND = YES;
				ENABLE_TESTABILITY = YES;
				GCC_C_LANGUAGE_STANDARD = c11;
				GCC_INLINES_ARE_PRIVATE_EXTERN = YES;
				GCC_MODEL_TUNING = G5;
				GCC_NO_COMMON_BLOCKS = YES;
				GCC_WARN_64_TO_32_BIT_CONVERSION = YES;
				GCC_WARN_ABOUT_RETURN_TYPE = YES;
				GCC_WARN_CHECK_SWITCH_STATEMENTS = YES;
				GCC_WARN_MISSING_PARENTHESES = YES;
				GCC_WARN_NON_VIRTUAL_DESTRUCTOR = YES;
				GCC_WARN_TYPECHECK_CALLS_TO_PRINTF = YES;
				GCC_WARN_UNDECLARED_SELECTOR = YES;
				GCC_WARN_UNINITIALIZED_AUTOS = YES;
				GCC_WARN_UNUSED_FUNCTION = YES;
				GCC_WARN_UNUSED_VARIABLE = YES;
				ONLY_ACTIVE_ARCH = YES;
				PRODUCT_NAME = "jackel";
				WARNING_CFLAGS = "-Wreorder";
				ZERO_LINK = NO;
			};
			name = Debug;
		};
		A221D46C4FCFCEB5025F89FA = {
			isa = XCBuildConfiguration;
			buildSettings = {
				ALWAYS_SEARCH_USER_PATHS = NO;
				CLANG_ENABLE_OBJC_WEAK = YES;
				CLANG_WARN_BLOCK_CAPTURE_AUTORELEASING = YES;
				CLANG_WARN_BOOL_CONVERSION = YES;
				CLANG_WARN_COMMA = YES;
				CLANG_WARN_CONSTANT_CONVERSION = YES;
				CLANG_WARN_DEPRECATED_OBJC_IMPLEMENTATIONS = YES;
				CLANG_WARN_EMPTY_BODY = YES;
				CLANG_WARN_ENUM_CONVERSION = YES;
				CLANG_WARN_INFINITE_RECURSION = YES;
				CLANG_WARN_INT_CONVERSION = YES;
				CLANG_WARN_NON_LITERAL_NULL_CONVERSION = YES;
				CLANG_WARN_OBJC_IMPLICIT_RETAIN_SELF = YES;
				CLANG_WARN_OBJC_LITERAL_CONVERSION = YES;
				CLANG_WARN_RANGE_LOOP_ANALYSIS = YES;
				CLANG_WARN_STRICT_PROTOTYPES = YES;
				CLANG_WARN_SUSPICIOUS_MOVE = YES;
				CLANG_WARN_UNREACHABLE_CODE = YES;
				CLANG_WARN__DUPLICATE_METHOD_MATCH = YES;
				DEBUG_INFORMATION_FORMAT = dwarf;
				ENABLE_STRICT_OBJC_MSGSEND = YES;
				GCC_C_LANGUAGE_STANDARD = c11;
				GCC_INLINES_ARE_PRIVATE_EXTERN = YES;
				GCC_MODEL_TUNING = G5;
				GCC_NO_COMMON_BLOCKS = YES;
				GCC_WARN_64_TO_32_BIT_CONVERSION = YES;
				GCC_WARN_ABOUT_RETURN_TYPE = YES;
				GCC_WARN_CHECK_SWITCH_STATEMENTS = YES;
				GCC_WARN_MISSING_PARENTHESES = YES;
				GCC_WARN_NON_VIRTUAL_DESTRUCTOR = YES;
				GCC_WARN_TYPECHECK_CALLS_TO_PRINTF = YES;
				GCC_WARN_UNDECLARED_SELECTOR = YES;
				GCC_WARN_UNINITIALIZED_AUTOS = YES;
				GCC_WARN_UNUSED_FUNCTION = YES;
				GCC_WARN_UNUSED_VARIABLE = YES;
				PRODUCT_NAME = "jackel";
				WARNING_CFLAGS = "-Wreorder";
				ZERO_LINK = NO;
			};
			name = Release;
		};
		0FBA2A705E2924E823AA41E8 = {
			isa = PBXTargetDependency;
			target = AA101CCF12A236EDEA4AE44A;
		};
		3E19DEC37EB82B80B2CC419A = {
			isa = XCConfigurationList;
			buildConfigurations = (
				6551387ED7E256566B89196C,
				A221D46C4FCFCEB5025F89FA,
			);
			defaultConfigurationIsVisible = 0;
			defaultConfigurationName = Debug;
		};
		0056EAFE3CBA3029B4E674DE = {
			isa = XCConfigurationList;
			buildConfigurations = (
				09D437DD13F8895FD1337C61,
				20E442EAA97D7446BA97B8D4,
			);
			defaultConfigurationIsVisible = 0;
			defaultConfigurationName = Debug;
		};
		6989EF753C36386ADBF6C47B = {
			isa = PBXResourcesBuildPhase;
			buildActionMask = 2147483647;
			files = (
				84CE6E1AB86192EBA423D865,
			);
			runOnlyForDeploymentPostprocessing = 0;
		};
		B23FDA6553651BF7293709C1 = {
			isa = PBXSourcesBuildPhase;
			buildActionMask = 2147483647;
			files = (
				FDA8FC3A539F89AEE57F2E1F,
				4895ABEA7811CBD30D4D4DAD,
				6267F33D210915B10B191C2D,
				31A6ED41E19AF17F79DE95F7,
				FA108337B135A4D8621A7215,
				04AE8B086EAB868325A290DF,
				F7811F5F73510D5CFD46C4F9,
				4C25593805444841EB4BE0EE,
				BAB7EFF59BFDD0AFE6770B21,
				C92C817A93C41145084A7A74,
				4E792FD261FB321DFEEE369F,
				547988E8733A569D375C2843,
				C42B319E4AEA3487CED2EEF5,
				26551AF84B470E8F8EA6F454,
			);
			runOnlyForDeploymentPostprocessing = 0;
		};
		3DCA95CBE068727EC77AFDB8 = {
			isa = PBXFrameworksBuildPhase;
			buildActionMask = 2147483647;
			files = (
				B5D79883C87016FDFF202A0D,
				177DB8831473A168BD6607F9,
				520922226095360239D578D5,
				5EB271B66F2B2D6FDE71AC89,
				EDDC043808609B170C4AFAB6,
				08F2A748A726EEFC9AFF6E2B,
				CB4DF445BF6D84B832CEC9FF,
				0FA17AC307AA65DA72059277,
				8B5ECE0F95D48D297499D60E,
				968CB6DB59E23C1D27BD4246,
			);
			runOnlyForDeploymentPostprocessing = 0;
		};
		AA101CCF12A236EDEA4AE44A = {
			isa = PBXNativeTarget;
			buildConfigurationList = 0056EAFE3CBA3029B4E674DE;
			buildPhases = (
				6989EF753C36386ADBF6C47B,
				B23FDA6553651BF7293709C1,
				3DCA95CBE068727EC77AFDB8,
			);
			buildRules = ( );
			dependencies = ( );
			name = "jackel - App";
			productName = jackel;
			productReference = 3D4D00DE3C5DF975C9350303;
			productType = "com.apple.product-type.application";
		};
		5DD17BA840B9A4DA8056160F = {
			isa = PBXProject;
			buildConfigurationList = 3E19DEC37EB82B80B2CC419A;
			attributes = { LastUpgradeCheck = 1100; ORGANIZATIONNAME = ""; TargetAttributes = { AA101CCF12A236EDEA4AE44A = { SystemCapabilities = {com.apple.ApplicationGroups.iOS = { enabled = 0; }; com.apple.InAppPurchase = { enabled = 0; }; com.apple.InterAppAudio = { enabled = 0; }; com.apple.Push = { enabled = 0; }; com.apple.Sandbox = { enabled = 0; }; com.apple.HardenedRuntime = { enabled = 0; }; }; }; }; };
			compatibilityVersion = "Xcode 3.2";
			hasScannedForEncodings = 0;
			mainGroup = 54B404088DB65F41CF2B07E5;
			projectDirPath = "";
			projectRoot = "";
			targets = (AA101CCF12A236EDEA4AE44A);
			knownRegions = (en, Base);
		};
	};
	rootObject = 5DD17BA840B9A4DA8056160F;
}
